
Microsoft Visual Studio Solution File, Format Version 12.00
# Visual Studio Version 16
VisualStudioVersion = 16.0.29102.190
MinimumVisualStudioVersion = 10.0.40219.1
Project("{FAE04EC0-301F-11D3-BF4B-00C04F79EFBC}") = "Daisy.DataExtract", "Daisy.DataExtract\Daisy.DataExtract.csproj", "{87E99E13-7AD9-4746-B816-1413AEFFDAC5}"
EndProject
Project("{FAE04EC0-301F-11D3-BF4B-00C04F79EFBC}") = "Daisy.Test", "Daisy.Test\Daisy.Test.csproj", "{A1A4818D-5056-4D6F-BE1C-E03B38687253}"
EndProject
Global
	GlobalSection(SolutionConfigurationPlatforms) = preSolution
		Debug|Any CPU = Debug|Any CPU
		Release|Any CPU = Release|Any CPU
	EndGlobalSection
	GlobalSection(ProjectConfigurationPlatforms) = postSolution
		{87E99E13-7AD9-4746-B816-1413AEFFDAC5}.Debug|Any CPU.ActiveCfg = Debug|Any CPU
		{87E99E13-7AD9-4746-B816-1413AEFFDAC5}.Debug|Any CPU.Build.0 = Debug|Any CPU
		{87E99E13-7AD9-4746-B816-1413AEFFDAC5}.Release|Any CPU.ActiveCfg = Release|Any CPU
		{87E99E13-7AD9-4746-B816-1413AEFFDAC5}.Release|Any CPU.Build.0 = Release|Any CPU
		{A1A4818D-5056-4D6F-BE1C-E03B38687253}.Debug|Any CPU.ActiveCfg = Debug|Any CPU
		{A1A4818D-5056-4D6F-BE1C-E03B38687253}.Debug|Any CPU.Build.0 = Debug|Any CPU
		{A1A4818D-5056-4D6F-BE1C-E03B38687253}.Release|Any CPU.ActiveCfg = Release|Any CPU
		{A1A4818D-5056-4D6F-BE1C-E03B38687253}.Release|Any CPU.Build.0 = Release|Any CPU
	EndGlobalSection
	GlobalSection(SolutionProperties) = preSolution
		HideSolutionNode = FALSE
	EndGlobalSection
	GlobalSection(ExtensibilityGlobals) = postSolution
		SolutionGuid = {4C08AA7E-84F6-414C-BA55-5A0855B8C407}
	EndGlobalSection
EndGlobal
